// !$*UTF8*$!
{
	archiveVersion = 1;
	classes = {
	};
	objectVersion = 56;
	objects = {

/* Begin PBXBuildFile section */
		4ACC8DF42F65B71B005C38DB /* Sparkle in Frameworks */ = {isa = PBXBuildFile; productRef = 4ACC8DF32F65B71B005C38DB /* Sparkle */; };
		A10000010000000000000001 /* HDD_CatalogueApp.swift in Sources */ = {isa = PBXBuildFile; fileRef = A20000010000000000000001 /* HDD_CatalogueApp.swift */; };
		A10000010000000000000002 /* ContentView.swift in Sources */ = {isa = PBXBuildFile; fileRef = A20000010000000000000002 /* ContentView.swift */; };
		A10000010000000000000003 /* Drive.swift in Sources */ = {isa = PBXBuildFile; fileRef = A20000010000000000000003 /* Drive.swift */; };
		A10000010000000000000004 /* Project.swift in Sources */ = {isa = PBXBuildFile; fileRef = A20000010000000000000004 /* Project.swift */; };
		A10000010000000000000005 /* Client.swift in Sources */ = {isa = PBXBuildFile; fileRef = A20000010000000000000005 /* Client.swift */; };
		A10000010000000000000006 /* DuplicateGroup.swift in Sources */ = {isa = PBXBuildFile; fileRef = A20000010000000000000006 /* DuplicateGroup.swift */; };
		A10000010000000000000007 /* ColorPalette.swift in Sources */ = {isa = PBXBuildFile; fileRef = A20000010000000000000007 /* ColorPalette.swift */; };
		A10000010000000000000008 /* DriveMonitor.swift in Sources */ = {isa = PBXBuildFile; fileRef = A20000010000000000000008 /* DriveMonitor.swift */; };
		A10000010000000000000009 /* ScanEngine.swift in Sources */ = {isa = PBXBuildFile; fileRef = A20000010000000000000009 /* ScanEngine.swift */; };
		A10000010000000000000010 /* GeminiService.swift in Sources */ = {isa = PBXBuildFile; fileRef = A20000010000000000000010 /* GeminiService.swift */; };
		A10000010000000000000011 /* KeychainHelper.swift in Sources */ = {isa = PBXBuildFile; fileRef = A20000010000000000000011 /* KeychainHelper.swift */; };
		A10000010000000000000012 /* ThumbnailManager.swift in Sources */ = {isa = PBXBuildFile; fileRef = A20000010000000000000012 /* ThumbnailManager.swift */; };
		A10000010000000000000013 /* MenuBarView.swift in Sources */ = {isa = PBXBuildFile; fileRef = A20000010000000000000013 /* MenuBarView.swift */; };
		A10000010000000000000014 /* SidebarView.swift in Sources */ = {isa = PBXBuildFile; fileRef = A20000010000000000000014 /* SidebarView.swift */; };
		A10000010000000000000015 /* CatalogueGridView.swift in Sources */ = {isa = PBXBuildFile; fileRef = A20000010000000000000015 /* CatalogueGridView.swift */; };
		A10000010000000000000016 /* ProjectCardView.swift in Sources */ = {isa = PBXBuildFile; fileRef = A20000010000000000000016 /* ProjectCardView.swift */; };
		A10000010000000000000017 /* ThumbnailPickerView.swift in Sources */ = {isa = PBXBuildFile; fileRef = A20000010000000000000017 /* ThumbnailPickerView.swift */; };
		A10000010000000000000018 /* DuplicateResolutionView.swift in Sources */ = {isa = PBXBuildFile; fileRef = A20000010000000000000018 /* DuplicateResolutionView.swift */; };
		A10000010000000000000019 /* ProjectEditView.swift in Sources */ = {isa = PBXBuildFile; fileRef = A20000010000000000000019 /* ProjectEditView.swift */; };
		A10000010000000000000020 /* SettingsView.swift in Sources */ = {isa = PBXBuildFile; fileRef = A20000010000000000000020 /* SettingsView.swift */; };
		A10000010000000000000021 /* ScanProgressView.swift in Sources */ = {isa = PBXBuildFile; fileRef = A20000010000000000000021 /* ScanProgressView.swift */; };
		A10000010000000000000022 /* Assets.xcassets in Resources */ = {isa = PBXBuildFile; fileRef = A20000010000000000000022 /* Assets.xcassets */; };
		A10000010000000000000023 /* NotificationService.swift in Sources */ = {isa = PBXBuildFile; fileRef = A20000010000000000000025 /* NotificationService.swift */; };
		A10000010000000000000024 /* ExportService.swift in Sources */ = {isa = PBXBuildFile; fileRef = A20000010000000000000026 /* ExportService.swift */; };
		A10000010000000000000025 /* ClientManagementView.swift in Sources */ = {isa = PBXBuildFile; fileRef = A20000010000000000000027 /* ClientManagementView.swift */; };
		A10000010000000000000026 /* UndoManagerService.swift in Sources */ = {isa = PBXBuildFile; fileRef = A20000010000000000000028 /* UndoManagerService.swift */; };
		A10000010000000000000027 /* AIThinkingPanel.swift in Sources */ = {isa = PBXBuildFile; fileRef = A20000010000000000000029 /* AIThinkingPanel.swift */; };
		A10000010000000000000030 /* MediaSummary.swift in Sources */ = {isa = PBXBuildFile; fileRef = A20000010000000000000030 /* MediaSummary.swift */; };
		A10000010000000000000031 /* VideoThumbnailService.swift in Sources */ = {isa = PBXBuildFile; fileRef = A20000010000000000000031 /* VideoThumbnailService.swift */; };
		A10000010000000000000032 /* ProjectDetailView.swift in Sources */ = {isa = PBXBuildFile; fileRef = A20000010000000000000032 /* ProjectDetailView.swift */; };
		A10000010000000000000033 /* TagInputView.swift in Sources */ = {isa = PBXBuildFile; fileRef = A20000010000000000000033 /* TagInputView.swift */; };
		A10000010000000000000034 /* QuickSearchOverlay.swift in Sources */ = {isa = PBXBuildFile; fileRef = A20000010000000000000034 /* QuickSearchOverlay.swift */; };
		A10000010000000000000035 /* SmartBin.swift in Sources */ = {isa = PBXBuildFile; fileRef = A20000010000000000000035 /* SmartBin.swift */; };
		A10000010000000000000036 /* SmartBinEditorView.swift in Sources */ = {isa = PBXBuildFile; fileRef = A20000010000000000000036 /* SmartBinEditorView.swift */; };
		A10000010000000000000037 /* RecentlyModifiedView.swift in Sources */ = {isa = PBXBuildFile; fileRef = A20000010000000000000037 /* RecentlyModifiedView.swift */; };
		A10000010000000000000038 /* ProjectDrawerView.swift in Sources */ = {isa = PBXBuildFile; fileRef = A20000010000000000000038 /* ProjectDrawerView.swift */; };
		A10000010000000000000039 /* VisualSearchService.swift in Sources */ = {isa = PBXBuildFile; fileRef = A20000010000000000000039 /* VisualSearchService.swift */; };
		A10000010000000000000040 /* VisualSearchOverlay.swift in Sources */ = {isa = PBXBuildFile; fileRef = A20000010000000000000040 /* VisualSearchOverlay.swift */; };
		A10000010000000000000041 /* FindSimilarSheet.swift in Sources */ = {isa = PBXBuildFile; fileRef = A20000010000000000000041 /* FindSimilarSheet.swift */; };
		A10000010000000000000042 /* MediaFile.swift in Sources */ = {isa = PBXBuildFile; fileRef = A20000010000000000000042 /* MediaFile.swift */; };
		A10000010000000000000043 /* DeepMediaSearchService.swift in Sources */ = {isa = PBXBuildFile; fileRef = A20000010000000000000043 /* DeepMediaSearchService.swift */; };
		A10000010000000000000044 /* DeepMediaSearchOverlay.swift in Sources */ = {isa = PBXBuildFile; fileRef = A20000010000000000000044 /* DeepMediaSearchOverlay.swift */; };
		A10000010000000000000045 /* FileTreeView.swift in Sources */ = {isa = PBXBuildFile; fileRef = A20000010000000000000045 /* FileTreeView.swift */; };
		A10000010000000000000046 /* OllamaService.swift in Sources */ = {isa = PBXBuildFile; fileRef = A20000010000000000000046 /* OllamaService.swift */; };
		A10000010000000000000047 /* MediaFileExplorerView.swift in Sources */ = {isa = PBXBuildFile; fileRef = A20000010000000000000047 /* MediaFileExplorerView.swift */; };
		A10000010000000000000048 /* ProjectFileExplorerView.swift in Sources */ = {isa = PBXBuildFile; fileRef = A20000010000000000000048 /* ProjectFileExplorerView.swift */; };
		A10000010000000000000049 /* StorageDashboardView.swift in Sources */ = {isa = PBXBuildFile; fileRef = A20000010000000000000049 /* StorageDashboardView.swift */; };
		A10000010000000000000050 /* ArchiveSuggestionsView.swift in Sources */ = {isa = PBXBuildFile; fileRef = A20000010000000000000050 /* ArchiveSuggestionsView.swift */; };
		A10000010000000000000051 /* DriveComparisonView.swift in Sources */ = {isa = PBXBuildFile; fileRef = A20000010000000000000051 /* DriveComparisonView.swift */; };
		A10000010000000000000052 /* FileTypeSearchView.swift in Sources */ = {isa = PBXBuildFile; fileRef = A20000010000000000000052 /* FileTypeSearchView.swift */; };
/* End PBXBuildFile section */

/* Begin PBXFileReference section */
		A20000010000000000000001 /* HDD_CatalogueApp.swift */ = {isa = PBXFileReference; lastKnownFileType = sourcecode.swift; path = HDD_CatalogueApp.swift; sourceTree = "<group>"; };
		A20000010000000000000002 /* ContentView.swift */ = {isa = PBXFileReference; lastKnownFileType = sourcecode.swift; path = ContentView.swift; sourceTree = "<group>"; };
		A20000010000000000000003 /* Drive.swift */ = {isa = PBXFileReference; lastKnownFileType = sourcecode.swift; path = Drive.swift; sourceTree = "<group>"; };
		A20000010000000000000004 /* Project.swift */ = {isa = PBXFileReference; lastKnownFileType = sourcecode.swift; path = Project.swift; sourceTree = "<group>"; };
		A20000010000000000000005 /* Client.swift */ = {isa = PBXFileReference; lastKnownFileType = sourcecode.swift; path = Client.swift; sourceTree = "<group>"; };
		A20000010000000000000006 /* DuplicateGroup.swift */ = {isa = PBXFileReference; lastKnownFileType = sourcecode.swift; path = DuplicateGroup.swift; sourceTree = "<group>"; };
		A20000010000000000000007 /* ColorPalette.swift */ = {isa = PBXFileReference; lastKnownFileType = sourcecode.swift; path = ColorPalette.swift; sourceTree = "<group>"; };
		A20000010000000000000008 /* DriveMonitor.swift */ = {isa = PBXFileReference; lastKnownFileType = sourcecode.swift; path = DriveMonitor.swift; sourceTree = "<group>"; };
		A20000010000000000000009 /* ScanEngine.swift */ = {isa = PBXFileReference; lastKnownFileType = sourcecode.swift; path = ScanEngine.swift; sourceTree = "<group>"; };
		A20000010000000000000010 /* GeminiService.swift */ = {isa = PBXFileReference; lastKnownFileType = sourcecode.swift; path = GeminiService.swift; sourceTree = "<group>"; };
		A20000010000000000000011 /* KeychainHelper.swift */ = {isa = PBXFileReference; lastKnownFileType = sourcecode.swift; path = KeychainHelper.swift; sourceTree = "<group>"; };
		A20000010000000000000012 /* ThumbnailManager.swift */ = {isa = PBXFileReference; lastKnownFileType = sourcecode.swift; path = ThumbnailManager.swift; sourceTree = "<group>"; };
		A20000010000000000000013 /* MenuBarView.swift */ = {isa = PBXFileReference; lastKnownFileType = sourcecode.swift; path = MenuBarView.swift; sourceTree = "<group>"; };
		A20000010000000000000014 /* SidebarView.swift */ = {isa = PBXFileReference; lastKnownFileType = sourcecode.swift; path = SidebarView.swift; sourceTree = "<group>"; };
		A20000010000000000000015 /* CatalogueGridView.swift */ = {isa = PBXFileReference; lastKnownFileType = sourcecode.swift; path = CatalogueGridView.swift; sourceTree = "<group>"; };
		A20000010000000000000016 /* ProjectCardView.swift */ = {isa = PBXFileReference; lastKnownFileType = sourcecode.swift; path = ProjectCardView.swift; sourceTree = "<group>"; };
		A20000010000000000000017 /* ThumbnailPickerView.swift */ = {isa = PBXFileReference; lastKnownFileType = sourcecode.swift; path = ThumbnailPickerView.swift; sourceTree = "<group>"; };
		A20000010000000000000018 /* DuplicateResolutionView.swift */ = {isa = PBXFileReference; lastKnownFileType = sourcecode.swift; path = DuplicateResolutionView.swift; sourceTree = "<group>"; };
		A20000010000000000000019 /* ProjectEditView.swift */ = {isa = PBXFileReference; lastKnownFileType = sourcecode.swift; path = ProjectEditView.swift; sourceTree = "<group>"; };
		A20000010000000000000020 /* SettingsView.swift */ = {isa = PBXFileReference; lastKnownFileType = sourcecode.swift; path = SettingsView.swift; sourceTree = "<group>"; };
		A20000010000000000000021 /* ScanProgressView.swift */ = {isa = PBXFileReference; lastKnownFileType = sourcecode.swift; path = ScanProgressView.swift; sourceTree = "<group>"; };
		A20000010000000000000022 /* Assets.xcassets */ = {isa = PBXFileReference; lastKnownFileType = folder.assetcatalog; path = Assets.xcassets; sourceTree = "<group>"; };
		A20000010000000000000023 /* Info.plist */ = {isa = PBXFileReference; lastKnownFileType = text.plist.xml; path = Info.plist; sourceTree = "<group>"; };
		A20000010000000000000024 /* HDD_Catalogue.entitlements */ = {isa = PBXFileReference; lastKnownFileType = text.plist.entitlements; path = HDD_Catalogue.entitlements; sourceTree = "<group>"; };
		A20000010000000000000025 /* NotificationService.swift */ = {isa = PBXFileReference; lastKnownFileType = sourcecode.swift; path = NotificationService.swift; sourceTree = "<group>"; };
		A20000010000000000000026 /* ExportService.swift */ = {isa = PBXFileReference; lastKnownFileType = sourcecode.swift; path = ExportService.swift; sourceTree = "<group>"; };
		A20000010000000000000027 /* ClientManagementView.swift */ = {isa = PBXFileReference; lastKnownFileType = sourcecode.swift; path = ClientManagementView.swift; sourceTree = "<group>"; };
		A20000010000000000000028 /* UndoManagerService.swift */ = {isa = PBXFileReference; lastKnownFileType = sourcecode.swift; path = UndoManagerService.swift; sourceTree = "<group>"; };
		A20000010000000000000029 /* AIThinkingPanel.swift */ = {isa = PBXFileReference; lastKnownFileType = sourcecode.swift; path = AIThinkingPanel.swift; sourceTree = "<group>"; };
		A20000010000000000000030 /* MediaSummary.swift */ = {isa = PBXFileReference; lastKnownFileType = sourcecode.swift; path = MediaSummary.swift; sourceTree = "<group>"; };
		A20000010000000000000031 /* VideoThumbnailService.swift */ = {isa = PBXFileReference; lastKnownFileType = sourcecode.swift; path = VideoThumbnailService.swift; sourceTree = "<group>"; };
		A20000010000000000000032 /* ProjectDetailView.swift */ = {isa = PBXFileReference; lastKnownFileType = sourcecode.swift; path = ProjectDetailView.swift; sourceTree = "<group>"; };
		A20000010000000000000033 /* TagInputView.swift */ = {isa = PBXFileReference; lastKnownFileType = sourcecode.swift; path = TagInputView.swift; sourceTree = "<group>"; };
		A20000010000000000000034 /* QuickSearchOverlay.swift */ = {isa = PBXFileReference; lastKnownFileType = sourcecode.swift; path = QuickSearchOverlay.swift; sourceTree = "<group>"; };
		A20000010000000000000035 /* SmartBin.swift */ = {isa = PBXFileReference; lastKnownFileType = sourcecode.swift; path = SmartBin.swift; sourceTree = "<group>"; };
		A20000010000000000000036 /* SmartBinEditorView.swift */ = {isa = PBXFileReference; lastKnownFileType = sourcecode.swift; path = SmartBinEditorView.swift; sourceTree = "<group>"; };
		A20000010000000000000037 /* RecentlyModifiedView.swift */ = {isa = PBXFileReference; lastKnownFileType = sourcecode.swift; path = RecentlyModifiedView.swift; sourceTree = "<group>"; };
		A20000010000000000000038 /* ProjectDrawerView.swift */ = {isa = PBXFileReference; lastKnownFileType = sourcecode.swift; path = ProjectDrawerView.swift; sourceTree = "<group>"; };
		A20000010000000000000039 /* VisualSearchService.swift */ = {isa = PBXFileReference; lastKnownFileType = sourcecode.swift; path = VisualSearchService.swift; sourceTree = "<group>"; };
		A20000010000000000000040 /* VisualSearchOverlay.swift */ = {isa = PBXFileReference; lastKnownFileType = sourcecode.swift; path = VisualSearchOverlay.swift; sourceTree = "<group>"; };
		A20000010000000000000041 /* FindSimilarSheet.swift */ = {isa = PBXFileReference; lastKnownFileType = sourcecode.swift; path = FindSimilarSheet.swift; sourceTree = "<group>"; };
		A20000010000000000000042 /* MediaFile.swift */ = {isa = PBXFileReference; lastKnownFileType = sourcecode.swift; path = MediaFile.swift; sourceTree = "<group>"; };
		A20000010000000000000043 /* DeepMediaSearchService.swift */ = {isa = PBXFileReference; lastKnownFileType = sourcecode.swift; path = DeepMediaSearchService.swift; sourceTree = "<group>"; };
		A20000010000000000000044 /* DeepMediaSearchOverlay.swift */ = {isa = PBXFileReference; lastKnownFileType = sourcecode.swift; path = DeepMediaSearchOverlay.swift; sourceTree = "<group>"; };
		A20000010000000000000045 /* FileTreeView.swift */ = {isa = PBXFileReference; lastKnownFileType = sourcecode.swift; path = FileTreeView.swift; sourceTree = "<group>"; };
		A20000010000000000000046 /* OllamaService.swift */ = {isa = PBXFileReference; lastKnownFileType = sourcecode.swift; path = OllamaService.swift; sourceTree = "<group>"; };
		A20000010000000000000047 /* MediaFileExplorerView.swift */ = {isa = PBXFileReference; lastKnownFileType = sourcecode.swift; path = MediaFileExplorerView.swift; sourceTree = "<group>"; };
		A20000010000000000000048 /* ProjectFileExplorerView.swift */ = {isa = PBXFileReference; lastKnownFileType = sourcecode.swift; path = ProjectFileExplorerView.swift; sourceTree = "<group>"; };
		A20000010000000000000049 /* StorageDashboardView.swift */ = {isa = PBXFileReference; lastKnownFileType = sourcecode.swift; path = StorageDashboardView.swift; sourceTree = "<group>"; };
		A20000010000000000000050 /* ArchiveSuggestionsView.swift */ = {isa = PBXFileReference; lastKnownFileType = sourcecode.swift; path = ArchiveSuggestionsView.swift; sourceTree = "<group>"; };
		A20000010000000000000051 /* DriveComparisonView.swift */ = {isa = PBXFileReference; lastKnownFileType = sourcecode.swift; path = DriveComparisonView.swift; sourceTree = "<group>"; };
		A20000010000000000000052 /* FileTypeSearchView.swift */ = {isa = PBXFileReference; lastKnownFileType = sourcecode.swift; path = FileTypeSearchView.swift; sourceTree = "<group>"; };
		A30000010000000000000001 /* HDD Catalogue.app */ = {isa = PBXFileReference; explicitFileType = wrapper.application; includeInIndex = 0; path = "HDD Catalogue.app"; sourceTree = BUILT_PRODUCTS_DIR; };
/* End PBXFileReference section */

/* Begin PBXFrameworksBuildPhase section */
		A40000010000000000000001 /* Frameworks */ = {
			isa = PBXFrameworksBuildPhase;
			buildActionMask = 2147483647;
			files = (
				4ACC8DF42F65B71B005C38DB /* Sparkle in Frameworks */,
			);
			runOnlyForDeploymentPostprocessing = 0;
		};
/* End PBXFrameworksBuildPhase section */

/* Begin PBXGroup section */
		A50000010000000000000001 = {
			isa = PBXGroup;
			children = (
				A50000010000000000000002 /* HDD Catalogue */,
				A50000010000000000000006 /* Products */,
			);
			sourceTree = "<group>";
		};
		A50000010000000000000002 /* HDD Catalogue */ = {
			isa = PBXGroup;
			children = (
				A20000010000000000000001 /* HDD_CatalogueApp.swift */,
				A20000010000000000000023 /* Info.plist */,
				A20000010000000000000024 /* HDD_Catalogue.entitlements */,
				A20000010000000000000022 /* Assets.xcassets */,
				A50000010000000000000003 /* Models */,
				A50000010000000000000004 /* Services */,
				A50000010000000000000005 /* Views */,
			);
			path = "HDD Catalogue";
			sourceTree = "<group>";
		};
		A50000010000000000000003 /* Models */ = {
			isa = PBXGroup;
			children = (
				A20000010000000000000003 /* Drive.swift */,
				A20000010000000000000004 /* Project.swift */,
				A20000010000000000000005 /* Client.swift */,
				A20000010000000000000006 /* DuplicateGroup.swift */,
				A20000010000000000000007 /* ColorPalette.swift */,
				A20000010000000000000030 /* MediaSummary.swift */,
				A20000010000000000000035 /* SmartBin.swift */,
				A20000010000000000000042 /* MediaFile.swift */,
			);
			path = Models;
			sourceTree = "<group>";
		};
		A50000010000000000000004 /* Services */ = {
			isa = PBXGroup;
			children = (
				A20000010000000000000008 /* DriveMonitor.swift */,
				A20000010000000000000009 /* ScanEngine.swift */,
				A20000010000000000000010 /* GeminiService.swift */,
				A20000010000000000000011 /* KeychainHelper.swift */,
				A20000010000000000000012 /* ThumbnailManager.swift */,
				A20000010000000000000025 /* NotificationService.swift */,
				A20000010000000000000026 /* ExportService.swift */,
				A20000010000000000000028 /* UndoManagerService.swift */,
				A20000010000000000000031 /* VideoThumbnailService.swift */,
				A20000010000000000000039 /* VisualSearchService.swift */,
				A20000010000000000000043 /* DeepMediaSearchService.swift */,
				A20000010000000000000046 /* OllamaService.swift */,
			);
			path = Services;
			sourceTree = "<group>";
		};
		A50000010000000000000005 /* Views */ = {
			isa = PBXGroup;
			children = (
				A20000010000000000000013 /* MenuBarView.swift */,
				A20000010000000000000002 /* ContentView.swift */,
				A20000010000000000000014 /* SidebarView.swift */,
				A20000010000000000000015 /* CatalogueGridView.swift */,
				A20000010000000000000016 /* ProjectCardView.swift */,
				A20000010000000000000017 /* ThumbnailPickerView.swift */,
				A20000010000000000000018 /* DuplicateResolutionView.swift */,
				A20000010000000000000019 /* ProjectEditView.swift */,
				A20000010000000000000020 /* SettingsView.swift */,
				A20000010000000000000021 /* ScanProgressView.swift */,
				A20000010000000000000027 /* ClientManagementView.swift */,
				A20000010000000000000029 /* AIThinkingPanel.swift */,
				A20000010000000000000032 /* ProjectDetailView.swift */,
				A20000010000000000000033 /* TagInputView.swift */,
				A20000010000000000000034 /* QuickSearchOverlay.swift */,
				A20000010000000000000036 /* SmartBinEditorView.swift */,
				A20000010000000000000037 /* RecentlyModifiedView.swift */,
				A20000010000000000000038 /* ProjectDrawerView.swift */,
				A20000010000000000000040 /* VisualSearchOverlay.swift */,
				A20000010000000000000041 /* FindSimilarSheet.swift */,
				A20000010000000000000044 /* DeepMediaSearchOverlay.swift */,
				A20000010000000000000045 /* FileTreeView.swift */,
				A20000010000000000000047 /* MediaFileExplorerView.swift */,
				A20000010000000000000048 /* ProjectFileExplorerView.swift */,
				A20000010000000000000049 /* StorageDashboardView.swift */,
				A20000010000000000000050 /* ArchiveSuggestionsView.swift */,
				A20000010000000000000051 /* DriveComparisonView.swift */,
				A20000010000000000000052 /* FileTypeSearchView.swift */,
			);
			path = Views;
			sourceTree = "<group>";
		};
		A50000010000000000000006 /* Products */ = {
			isa = PBXGroup;
			children = (
				A30000010000000000000001 /* HDD Catalogue.app */,
			);
			name = Products;
			sourceTree = "<group>";
		};
/* End PBXGroup section */

/* Begin PBXNativeTarget section */
		A60000010000000000000001 /* HDD Catalogue */ = {
			isa = PBXNativeTarget;
			buildConfigurationList = A80000010000000000000003 /* Build configuration list for PBXNativeTarget "HDD Catalogue" */;
			buildPhases = (
				A70000010000000000000001 /* Sources */,
				A40000010000000000000001 /* Frameworks */,
				A70000010000000000000002 /* Resources */,
			);
			buildRules = (
			);
			dependencies = (
			);
			name = "HDD Catalogue";
			productName = "HDD Catalogue";
			productReference = A30000010000000000000001 /* HDD Catalogue.app */;
			productType = "com.apple.product-type.application";
		};
/* End PBXNativeTarget section */

/* Begin PBXProject section */
		A90000010000000000000001 /* Project object */ = {
			isa = PBXProject;
			attributes = {
				BuildIndependentTargetsInParallel = 1;
				LastSwiftUpdateCheck = 1540;
				LastUpgradeCheck = 1540;
				TargetAttributes = {
					A60000010000000000000001 = {
						CreatedOnToolsVersion = 15.4;
					};
				};
			};
			buildConfigurationList = A80000010000000000000001 /* Build configuration list for PBXProject "HDD Catalogue" */;
			compatibilityVersion = "Xcode 14.0";
			developmentRegion = en;
			hasScannedForEncodings = 0;
			knownRegions = (
				en,
				Base,
			);
			mainGroup = A50000010000000000000001;
			packageReferences = (
				4ACC8DF22F65B71B005C38DB /* XCRemoteSwiftPackageReference "Sparkle" */,
			);
			productRefGroup = A50000010000000000000006 /* Products */;
			projectDirPath = "";
			projectRoot = "";
			targets = (
				A60000010000000000000001 /* HDD Catalogue */,
			);
		};
/* End PBXProject section */

/* Begin PBXResourcesBuildPhase section */
		A70000010000000000000002 /* Resources */ = {
			isa = PBXResourcesBuildPhase;
			buildActionMask = 2147483647;
			files = (
				A10000010000000000000022 /* Assets.xcassets in Resources */,
			);
			runOnlyForDeploymentPostprocessing = 0;
		};
/* End PBXResourcesBuildPhase section */

/* Begin PBXSourcesBuildPhase section */
		A70000010000000000000001 /* Sources */ = {
			isa = PBXSourcesBuildPhase;
			buildActionMask = 2147483647;
			files = (
				A10000010000000000000001 /* HDD_CatalogueApp.swift in Sources */,
				A10000010000000000000002 /* ContentView.swift in Sources */,
				A10000010000000000000003 /* Drive.swift in Sources */,
				A10000010000000000000004 /* Project.swift in Sources */,
				A10000010000000000000005 /* Client.swift in Sources */,
				A10000010000000000000006 /* DuplicateGroup.swift in Sources */,
				A10000010000000000000007 /* ColorPalette.swift in Sources */,
				A10000010000000000000008 /* DriveMonitor.swift in Sources */,
				A10000010000000000000009 /* ScanEngine.swift in Sources */,
				A10000010000000000000010 /* GeminiService.swift in Sources */,
				A10000010000000000000011 /* KeychainHelper.swift in Sources */,
				A10000010000000000000012 /* ThumbnailManager.swift in Sources */,
				A10000010000000000000013 /* MenuBarView.swift in Sources */,
				A10000010000000000000014 /* SidebarView.swift in Sources */,
				A10000010000000000000015 /* CatalogueGridView.swift in Sources */,
				A10000010000000000000016 /* ProjectCardView.swift in Sources */,
				A10000010000000000000017 /* ThumbnailPickerView.swift in Sources */,
				A10000010000000000000018 /* DuplicateResolutionView.swift in Sources */,
				A10000010000000000000019 /* ProjectEditView.swift in Sources */,
				A10000010000000000000020 /* SettingsView.swift in Sources */,
				A10000010000000000000021 /* ScanProgressView.swift in Sources */,
				A10000010000000000000023 /* NotificationService.swift in Sources */,
				A10000010000000000000024 /* ExportService.swift in Sources */,
				A10000010000000000000025 /* ClientManagementView.swift in Sources */,
				A10000010000000000000026 /* UndoManagerService.swift in Sources */,
				A10000010000000000000027 /* AIThinkingPanel.swift in Sources */,
				A10000010000000000000030 /* MediaSummary.swift in Sources */,
				A10000010000000000000031 /* VideoThumbnailService.swift in Sources */,
				A10000010000000000000032 /* ProjectDetailView.swift in Sources */,
				A10000010000000000000033 /* TagInputView.swift in Sources */,
				A10000010000000000000034 /* QuickSearchOverlay.swift in Sources */,
				A10000010000000000000035 /* SmartBin.swift in Sources */,
				A10000010000000000000036 /* SmartBinEditorView.swift in Sources */,
				A10000010000000000000037 /* RecentlyModifiedView.swift in Sources */,
				A10000010000000000000038 /* ProjectDrawerView.swift in Sources */,
				A10000010000000000000039 /* VisualSearchService.swift in Sources */,
				A10000010000000000000040 /* VisualSearchOverlay.swift in Sources */,
				A10000010000000000000041 /* FindSimilarSheet.swift in Sources */,
				A10000010000000000000042 /* MediaFile.swift in Sources */,
				A10000010000000000000043 /* DeepMediaSearchService.swift in Sources */,
				A10000010000000000000044 /* DeepMediaSearchOverlay.swift in Sources */,
				A10000010000000000000045 /* FileTreeView.swift in Sources */,
				A10000010000000000000046 /* OllamaService.swift in Sources */,
				A10000010000000000000047 /* MediaFileExplorerView.swift in Sources */,
				A10000010000000000000048 /* ProjectFileExplorerView.swift in Sources */,
				A10000010000000000000049 /* StorageDashboardView.swift in Sources */,
				A10000010000000000000050 /* ArchiveSuggestionsView.swift in Sources */,
				A10000010000000000000051 /* DriveComparisonView.swift in Sources */,
				A10000010000000000000052 /* FileTypeSearchView.swift in Sources */,
			);
			runOnlyForDeploymentPostprocessing = 0;
		};
/* End PBXSourcesBuildPhase section */

/* Begin XCBuildConfiguration section */
		AA0000010000000000000001 /* Debug */ = {
			isa = XCBuildConfiguration;
			buildSettings = {
				ALWAYS_SEARCH_USER_PATHS = NO;
				ASSETCATALOG_COMPILER_APPICON_NAME = AppIcon;
				ASSETCATALOG_COMPILER_GLOBAL_ACCENT_COLOR_NAME = AccentColor;
				CLANG_ANALYZER_NONNULL = YES;
				CLANG_ANALYZER_NUMBER_OBJECT_CONVERSION = YES_AGGRESSIVE;
				CLANG_CXX_LANGUAGE_STANDARD = "gnu++20";
				CLANG_ENABLE_MODULES = YES;
				CLANG_ENABLE_OBJC_ARC = YES;
				CLANG_ENABLE_OBJC_WEAK = YES;
				CLANG_WARN_BLOCK_CAPTURE_AUTORELEASING = YES;
				CLANG_WARN_BOOL_CONVERSION = YES;
				CLANG_WARN_COMMA = YES;
				CLANG_WARN_CONSTANT_CONVERSION = YES;
				CLANG_WARN_DEPRECATED_OBJC_IMPLEMENTATIONS = YES;
				CLANG_WARN_DIRECT_OBJC_ISA_USAGE = YES_ERROR;
				CLANG_WARN_DOCUMENTATION_COMMENTS = YES;
				CLANG_WARN_EMPTY_BODY = YES;
				CLANG_WARN_ENUM_CONVERSION = YES;
				CLANG_WARN_INFINITE_RECURSION = YES;
				CLANG_WARN_INT_CONVERSION = YES;
				CLANG_WARN_NON_LITERAL_NULL_CONVERSION = YES;
				CLANG_WARN_OBJC_IMPLICIT_RETAIN_SELF = YES;
				CLANG_WARN_OBJC_LITERAL_CONVERSION = YES;
				CLANG_WARN_OBJC_ROOT_CLASS = YES_ERROR;
				CLANG_WARN_QUOTED_INCLUDE_IN_FRAMEWORK_HEADER = YES;
				CLANG_WARN_RANGE_LOOP_ANALYSIS = YES;
				CLANG_WARN_STRICT_PROTOTYPES = YES;
				CLANG_WARN_SUSPICIOUS_MOVE = YES;
				CLANG_WARN_UNGUARDED_AVAILABILITY = YES_AGGRESSIVE;
				CLANG_WARN_UNREACHABLE_CODE = YES;
				CLANG_WARN__DUPLICATE_METHOD_MATCH = YES;
				COPY_PHASE_STRIP = NO;
				DEBUG_INFORMATION_FORMAT = dwarf;
				ENABLE_STRICT_OBJC_MSGSEND = YES;
				ENABLE_TESTABILITY = YES;
				ENABLE_USER_SCRIPT_SANDBOXING = YES;
				GCC_C_LANGUAGE_STANDARD = gnu17;
				GCC_DYNAMIC_NO_PIC = NO;
				GCC_NO_COMMON_BLOCKS = YES;
				GCC_OPTIMIZATION_LEVEL = 0;
				GCC_PREPROCESSOR_DEFINITIONS = (
					"DEBUG=1",
					"$(inherited)",
				);
				GCC_WARN_64_TO_32_BIT_CONVERSION = YES;
				GCC_WARN_ABOUT_RETURN_TYPE = YES_ERROR;
				GCC_WARN_UNDECLARED_SELECTOR = YES;
				GCC_WARN_UNINITIALIZED_AUTOS = YES_AGGRESSIVE;
				GCC_WARN_UNUSED_FUNCTION = YES;
				GCC_WARN_UNUSED_VARIABLE = YES;
				MACOSX_DEPLOYMENT_TARGET = 14.0;
				MTL_ENABLE_DEBUG_INFO = INCLUDE_SOURCE;
				MTL_FAST_MATH = YES;
				ONLY_ACTIVE_ARCH = YES;
				SDKROOT = macosx;
				SWIFT_ACTIVE_COMPILATION_CONDITIONS = "DEBUG $(inherited)";
				SWIFT_OPTIMIZATION_LEVEL = "-Onone";
			};
			name = Debug;
		};
		AA0000010000000000000002 /* Release */ = {
			isa = XCBuildConfiguration;
			buildSettings = {
				ALWAYS_SEARCH_USER_PATHS = NO;
				ASSETCATALOG_COMPILER_APPICON_NAME = AppIcon;
				ASSETCATALOG_COMPILER_GLOBAL_ACCENT_COLOR_NAME = AccentColor;
				CLANG_ANALYZER_NONNULL = YES;
				CLANG_ANALYZER_NUMBER_OBJECT_CONVERSION = YES_AGGRESSIVE;
				CLANG_CXX_LANGUAGE_STANDARD = "gnu++20";
				CLANG_ENABLE_MODULES = YES;
				CLANG_ENABLE_OBJC_ARC = YES;
				CLANG_ENABLE_OBJC_WEAK = YES;
				CLANG_WARN_BLOCK_CAPTURE_AUTORELEASING = YES;
				CLANG_WARN_BOOL_CONVERSION = YES;
				CLANG_WARN_COMMA = YES;
				CLANG_WARN_CONSTANT_CONVERSION = YES;
				CLANG_WARN_DEPRECATED_OBJC_IMPLEMENTATIONS = YES;
				CLANG_WARN_DIRECT_OBJC_ISA_USAGE = YES_ERROR;
				CLANG_WARN_DOCUMENTATION_COMMENTS = YES;
				CLANG_WARN_EMPTY_BODY = YES;
				CLANG_WARN_ENUM_CONVERSION = YES;
				CLANG_WARN_INFINITE_RECURSION = YES;
				CLANG_WARN_INT_CONVERSION = YES;
				CLANG_WARN_NON_LITERAL_NULL_CONVERSION = YES;
				CLANG_WARN_OBJC_IMPLICIT_RETAIN_SELF = YES;
				CLANG_WARN_OBJC_LITERAL_CONVERSION = YES;
				CLANG_WARN_OBJC_ROOT_CLASS = YES_ERROR;
				CLANG_WARN_QUOTED_INCLUDE_IN_FRAMEWORK_HEADER = YES;
				CLANG_WARN_RANGE_LOOP_ANALYSIS = YES;
				CLANG_WARN_STRICT_PROTOTYPES = YES;
				CLANG_WARN_SUSPICIOUS_MOVE = YES;
				CLANG_WARN_UNGUARDED_AVAILABILITY = YES_AGGRESSIVE;
				CLANG_WARN_UNREACHABLE_CODE = YES;
				CLANG_WARN__DUPLICATE_METHOD_MATCH = YES;
				COPY_PHASE_STRIP = NO;
				DEBUG_INFORMATION_FORMAT = "dwarf-with-dsym";
				ENABLE_NS_ASSERTIONS = NO;
				ENABLE_STRICT_OBJC_MSGSEND = YES;
				ENABLE_USER_SCRIPT_SANDBOXING = YES;
				GCC_C_LANGUAGE_STANDARD = gnu17;
				GCC_NO_COMMON_BLOCKS = YES;
				GCC_WARN_64_TO_32_BIT_CONVERSION = YES;
				GCC_WARN_ABOUT_RETURN_TYPE = YES_ERROR;
				GCC_WARN_UNDECLARED_SELECTOR = YES;
				GCC_WARN_UNINITIALIZED_AUTOS = YES_AGGRESSIVE;
				GCC_WARN_UNUSED_FUNCTION = YES;
				GCC_WARN_UNUSED_VARIABLE = YES;
				MACOSX_DEPLOYMENT_TARGET = 14.0;
				MTL_ENABLE_DEBUG_INFO = NO;
				MTL_FAST_MATH = YES;
				SDKROOT = macosx;
				SWIFT_COMPILATION_MODE = wholemodule;
			};
			name = Release;
		};
		AA0000010000000000000003 /* Debug */ = {
			isa = XCBuildConfiguration;
			buildSettings = {
				ASSETCATALOG_COMPILER_APPICON_NAME = AppIcon;
				ASSETCATALOG_COMPILER_GLOBAL_ACCENT_COLOR_NAME = AccentColor;
				CODE_SIGN_ENTITLEMENTS = "HDD Catalogue/HDD_Catalogue.entitlements";
				CODE_SIGN_STYLE = Automatic;
				COMBINE_HIDPI_IMAGES = YES;
				CURRENT_PROJECT_VERSION = 1;
				DEVELOPMENT_ASSET_PATHS = "";
				ENABLE_HARDENED_RUNTIME = YES;
				ENABLE_PREVIEWS = YES;
				GENERATE_INFOPLIST_FILE = NO;
				INFOPLIST_FILE = "HDD Catalogue/Info.plist";
				INFOPLIST_KEY_CFBundleDisplayName = "HDD Catalogue";
				INFOPLIST_KEY_LSApplicationCategoryType = "public.app-category.utilities";
				INFOPLIST_KEY_NSHumanReadableCopyright = "";
				LD_RUNPATH_SEARCH_PATHS = (
					"$(inherited)",
					"@executable_path/../Frameworks",
				);
				MARKETING_VERSION = 1.0;
				PRODUCT_BUNDLE_IDENTIFIER = "com.timonterzic.HDD-Catalogue";
				PRODUCT_NAME = "$(TARGET_NAME)";
				SWIFT_EMIT_LOC_STRINGS = YES;
				SWIFT_STRICT_CONCURRENCY = targeted;
				SWIFT_VERSION = 5.0;
			};
			name = Debug;
		};
		AA0000010000000000000004 /* Release */ = {
			isa = XCBuildConfiguration;
			buildSettings = {
				ASSETCATALOG_COMPILER_APPICON_NAME = AppIcon;
				ASSETCATALOG_COMPILER_GLOBAL_ACCENT_COLOR_NAME = AccentColor;
				CODE_SIGN_ENTITLEMENTS = "HDD Catalogue/HDD_Catalogue.entitlements";
				CODE_SIGN_STYLE = Automatic;
				COMBINE_HIDPI_IMAGES = YES;
				CURRENT_PROJECT_VERSION = 1;
				DEVELOPMENT_ASSET_PATHS = "";
				ENABLE_HARDENED_RUNTIME = YES;
				ENABLE_PREVIEWS = YES;
				GENERATE_INFOPLIST_FILE = NO;
				INFOPLIST_FILE = "HDD Catalogue/Info.plist";
				INFOPLIST_KEY_CFBundleDisplayName = "HDD Catalogue";
				INFOPLIST_KEY_LSApplicationCategoryType = "public.app-category.utilities";
				INFOPLIST_KEY_NSHumanReadableCopyright = "";
				LD_RUNPATH_SEARCH_PATHS = (
					"$(inherited)",
					"@executable_path/../Frameworks",
				);
				MARKETING_VERSION = 1.0;
				PRODUCT_BUNDLE_IDENTIFIER = "com.timonterzic.HDD-Catalogue";
				PRODUCT_NAME = "$(TARGET_NAME)";
				SWIFT_EMIT_LOC_STRINGS = YES;
				SWIFT_STRICT_CONCURRENCY = targeted;
				SWIFT_VERSION = 5.0;
			};
			name = Release;
		};
/* End XCBuildConfiguration section */

/* Begin XCConfigurationList section */
		A80000010000000000000001 /* Build configuration list for PBXProject "HDD Catalogue" */ = {
			isa = XCConfigurationList;
			buildConfigurations = (
				AA0000010000000000000001 /* Debug */,
				AA0000010000000000000002 /* Release */,
			);
			defaultConfigurationIsVisible = 0;
			defaultConfigurationName = Release;
		};
		A80000010000000000000003 /* Build configuration list for PBXNativeTarget "HDD Catalogue" */ = {
			isa = XCConfigurationList;
			buildConfigurations = (
				AA0000010000000000000003 /* Debug */,
				AA0000010000000000000004 /* Release */,
			);
			defaultConfigurationIsVisible = 0;
			defaultConfigurationName = Release;
		};
/* End XCConfigurationList section */

/* Begin XCRemoteSwiftPackageReference section */
		4ACC8DF22F65B71B005C38DB /* XCRemoteSwiftPackageReference "Sparkle" */ = {
			isa = XCRemoteSwiftPackageReference;
			repositoryURL = "https://github.com/sparkle-project/Sparkle";
			requirement = {
				kind = upToNextMajorVersion;
				minimumVersion = 2.9.0;
			};
		};
/* End XCRemoteSwiftPackageReference section */

/* Begin XCSwiftPackageProductDependency section */
		4ACC8DF32F65B71B005C38DB /* Sparkle */ = {
			isa = XCSwiftPackageProductDependency;
			package = 4ACC8DF22F65B71B005C38DB /* XCRemoteSwiftPackageReference "Sparkle" */;
			productName = Sparkle;
		};
/* End XCSwiftPackageProductDependency section */
	};
	rootObject = A90000010000000000000001 /* Project object */;
}
